PODS:
  - Device (3.2.1)
  - LayoutHelper (0.1.3)

DEPENDENCIES:
  - Device (~> 3.2.1)
  - LayoutHelper

SPEC REPOS:
  trunk:
    - Device
    - LayoutHelper

SPEC CHECKSUMS:
  Device: 0738862dd8a30856b4bd9e21cb9b728873d21392
  LayoutHelper: 89385ca8de2464665b777265da86c84c1a28a128

PODFILE CHECKSUM: 763d798d49552fa8276b4012194df9b06a7ea915

COCOAPODS: 1.9.1
